// !$*UTF8*$!
{
	archiveVersion = 1;
	classes = {
	};
	objectVersion = 56;
	objects = {

/* Begin PBXBuildFile section */
		35449EE5AA2D1B89A5075076 /* Pods_realmTest.framework in Frameworks */ = {isa = PBXBuildFile; fileRef = DF196A3963952660A1345ACB /* Pods_realmTest.framework */; };
		860B7DB3299A6684006CCE5E /* AppDelegate.swift in Sources */ = {isa = PBXBuildFile; fileRef = 860B7DB2299A6684006CCE5E /* AppDelegate.swift */; };
		860B7DB5299A6684006CCE5E /* SceneDelegate.swift in Sources */ = {isa = PBXBuildFile; fileRef = 860B7DB4299A6684006CCE5E /* SceneDelegate.swift */; };
		860B7DB7299A6684006CCE5E /* ViewController.swift in Sources */ = {isa = PBXBuildFile; fileRef = 860B7DB6299A6684006CCE5E /* ViewController.swift */; };
		860B7DBA299A6684006CCE5E /* Main.storyboard in Resources */ = {isa = PBXBuildFile; fileRef = 860B7DB8299A6684006CCE5E /* Main.storyboard */; };
		860B7DBC299A6687006CCE5E /* Assets.xcassets in Resources */ = {isa = PBXBuildFile; fileRef = 860B7DBB299A6687006CCE5E /* Assets.xcassets */; };
		860B7DBF299A6687006CCE5E /* LaunchScreen.storyboard in Resources */ = {isa = PBXBuildFile; fileRef = 860B7DBD299A6687006CCE5E /* LaunchScreen.storyboard */; };
		860B7DD0299A6B19006CCE5E /* CategoryViewController.swift in Sources */ = {isa = PBXBuildFile; fileRef = 860B7DCF299A6B19006CCE5E /* CategoryViewController.swift */; };
		861EE6A2299CE54400E7BCBE /* Item.swift in Sources */ = {isa = PBXBuildFile; fileRef = 861EE6A1299CE54400E7BCBE /* Item.swift */; };
		861EE6A4299CE55D00E7BCBE /* Category.swift in Sources */ = {isa = PBXBuildFile; fileRef = 861EE6A3299CE55D00E7BCBE /* Category.swift */; };
		86C78E56299A6D8A00F1962F /* ToDoListTableViewController.swift in Sources */ = {isa = PBXBuildFile; fileRef = 86C78E55299A6D8A00F1962F /* ToDoListTableViewController.swift */; };
		86FD2474299F973F006C0D88 /* SwipeTableViewController.swift in Sources */ = {isa = PBXBuildFile; fileRef = 86FD2473299F973F006C0D88 /* SwipeTableViewController.swift */; };
		86FD2476299F9898006C0D88 /* Alerts.swift in Sources */ = {isa = PBXBuildFile; fileRef = 86FD2475299F9898006C0D88 /* Alerts.swift */; };
/* End PBXBuildFile section */

/* Begin PBXFileReference section */
		860B7DAF299A6684006CCE5E /* realmTest.app */ = {isa = PBXFileReference; explicitFileType = wrapper.application; includeInIndex = 0; path = realmTest.app; sourceTree = BUILT_PRODUCTS_DIR; };
		860B7DB2299A6684006CCE5E /* AppDelegate.swift */ = {isa = PBXFileReference; lastKnownFileType = sourcecode.swift; path = AppDelegate.swift; sourceTree = "<group>"; };
		860B7DB4299A6684006CCE5E /* SceneDelegate.swift */ = {isa = PBXFileReference; lastKnownFileType = sourcecode.swift; path = SceneDelegate.swift; sourceTree = "<group>"; };
		860B7DB6299A6684006CCE5E /* ViewController.swift */ = {isa = PBXFileReference; lastKnownFileType = sourcecode.swift; path = ViewController.swift; sourceTree = "<group>"; };
		860B7DB9299A6684006CCE5E /* Base */ = {isa = PBXFileReference; lastKnownFileType = file.storyboard; name = Base; path = Base.lproj/Main.storyboard; sourceTree = "<group>"; };
		860B7DBB299A6687006CCE5E /* Assets.xcassets */ = {isa = PBXFileReference; lastKnownFileType = folder.assetcatalog; path = Assets.xcassets; sourceTree = "<group>"; };
		860B7DBE299A6687006CCE5E /* Base */ = {isa = PBXFileReference; lastKnownFileType = file.storyboard; name = Base; path = Base.lproj/LaunchScreen.storyboard; sourceTree = "<group>"; };
		860B7DC0299A6687006CCE5E /* Info.plist */ = {isa = PBXFileReference; lastKnownFileType = text.plist.xml; path = Info.plist; sourceTree = "<group>"; };
		860B7DCF299A6B19006CCE5E /* CategoryViewController.swift */ = {isa = PBXFileReference; lastKnownFileType = sourcecode.swift; path = CategoryViewController.swift; sourceTree = "<group>"; };
		861EE6A1299CE54400E7BCBE /* Item.swift */ = {isa = PBXFileReference; lastKnownFileType = sourcecode.swift; path = Item.swift; sourceTree = "<group>"; };
		861EE6A3299CE55D00E7BCBE /* Category.swift */ = {isa = PBXFileReference; lastKnownFileType = sourcecode.swift; path = Category.swift; sourceTree = "<group>"; };
		86C78E55299A6D8A00F1962F /* ToDoListTableViewController.swift */ = {isa = PBXFileReference; lastKnownFileType = sourcecode.swift; path = ToDoListTableViewController.swift; sourceTree = "<group>"; };
		86FD2473299F973F006C0D88 /* SwipeTableViewController.swift */ = {isa = PBXFileReference; lastKnownFileType = sourcecode.swift; path = SwipeTableViewController.swift; sourceTree = "<group>"; };
		86FD2475299F9898006C0D88 /* Alerts.swift */ = {isa = PBXFileReference; lastKnownFileType = sourcecode.swift; path = Alerts.swift; sourceTree = "<group>"; };
		BE6D6D39EE4D0C50F15AAA4E /* Pods-realmTest.debug.xcconfig */ = {isa = PBXFileReference; includeInIndex = 1; lastKnownFileType = text.xcconfig; name = "Pods-realmTest.debug.xcconfig"; path = "Target Support Files/Pods-realmTest/Pods-realmTest.debug.xcconfig"; sourceTree = "<group>"; };
		D12DEA627D8E6312D65BC2D0 /* Pods-realmTest.release.xcconfig */ = {isa = PBXFileReference; includeInIndex = 1; lastKnownFileType = text.xcconfig; name = "Pods-realmTest.release.xcconfig"; path = "Target Support Files/Pods-realmTest/Pods-realmTest.release.xcconfig"; sourceTree = "<group>"; };
		DF196A3963952660A1345ACB /* Pods_realmTest.framework */ = {isa = PBXFileReference; explicitFileType = wrapper.framework; includeInIndex = 0; path = Pods_realmTest.framework; sourceTree = BUILT_PRODUCTS_DIR; };
/* End PBXFileReference section */

/* Begin PBXFrameworksBuildPhase section */
		860B7DAC299A6684006CCE5E /* Frameworks */ = {
			isa = PBXFrameworksBuildPhase;
			buildActionMask = 2147483647;
			files = (
				35449EE5AA2D1B89A5075076 /* Pods_realmTest.framework in Frameworks */,
			);
			runOnlyForDeploymentPostprocessing = 0;
		};
/* End PBXFrameworksBuildPhase section */

/* Begin PBXGroup section */
		418A3B7A03C55DECA671BCC4 /* Frameworks */ = {
			isa = PBXGroup;
			children = (
				DF196A3963952660A1345ACB /* Pods_realmTest.framework */,
			);
			name = Frameworks;
			sourceTree = "<group>";
		};
		860B7DA6299A6684006CCE5E = {
			isa = PBXGroup;
			children = (
				860B7DB1299A6684006CCE5E /* realmTest */,
				860B7DB0299A6684006CCE5E /* Products */,
				F3BC46C63ED118AF894076DE /* Pods */,
				418A3B7A03C55DECA671BCC4 /* Frameworks */,
			);
			sourceTree = "<group>";
		};
		860B7DB0299A6684006CCE5E /* Products */ = {
			isa = PBXGroup;
			children = (
				860B7DAF299A6684006CCE5E /* realmTest.app */,
			);
			name = Products;
			sourceTree = "<group>";
		};
		860B7DB1299A6684006CCE5E /* realmTest */ = {
			isa = PBXGroup;
			children = (
				86FA1D27299B952A00168B7B /* Data Model */,
				86C78E54299A6D5800F1962F /* View */,
				860B7DC6299A6701006CCE5E /* Controller */,
				860B7DB2299A6684006CCE5E /* AppDelegate.swift */,
				860B7DB4299A6684006CCE5E /* SceneDelegate.swift */,
				860B7DB6299A6684006CCE5E /* ViewController.swift */,
				860B7DBB299A6687006CCE5E /* Assets.xcassets */,
				860B7DBD299A6687006CCE5E /* LaunchScreen.storyboard */,
				860B7DC0299A6687006CCE5E /* Info.plist */,
			);
			path = realmTest;
			sourceTree = "<group>";
		};
		860B7DC6299A6701006CCE5E /* Controller */ = {
			isa = PBXGroup;
			children = (
				86FD2475299F9898006C0D88 /* Alerts.swift */,
				860B7DCF299A6B19006CCE5E /* CategoryViewController.swift */,
				86C78E55299A6D8A00F1962F /* ToDoListTableViewController.swift */,
				86FD2473299F973F006C0D88 /* SwipeTableViewController.swift */,
			);
			path = Controller;
			sourceTree = "<group>";
		};
		86C78E54299A6D5800F1962F /* View */ = {
			isa = PBXGroup;
			children = (
				860B7DB8299A6684006CCE5E /* Main.storyboard */,
			);
			path = View;
			sourceTree = "<group>";
		};
		86FA1D27299B952A00168B7B /* Data Model */ = {
			isa = PBXGroup;
			children = (
				861EE6A3299CE55D00E7BCBE /* Category.swift */,
				861EE6A1299CE54400E7BCBE /* Item.swift */,
			);
			path = "Data Model";
			sourceTree = "<group>";
		};
		F3BC46C63ED118AF894076DE /* Pods */ = {
			isa = PBXGroup;
			children = (
				BE6D6D39EE4D0C50F15AAA4E /* Pods-realmTest.debug.xcconfig */,
				D12DEA627D8E6312D65BC2D0 /* Pods-realmTest.release.xcconfig */,
			);
			path = Pods;
			sourceTree = "<group>";
		};
/* End PBXGroup section */

/* Begin PBXNativeTarget section */
		860B7DAE299A6684006CCE5E /* realmTest */ = {
			isa = PBXNativeTarget;
			buildConfigurationList = 860B7DC3299A6687006CCE5E /* Build configuration list for PBXNativeTarget "realmTest" */;
			buildPhases = (
				8CEA8381622A1722F3349B57 /* [CP] Check Pods Manifest.lock */,
				860B7DAB299A6684006CCE5E /* Sources */,
				860B7DAC299A6684006CCE5E /* Frameworks */,
				860B7DAD299A6684006CCE5E /* Resources */,
				D336A803AC9403BBB77368FB /* [CP] Embed Pods Frameworks */,
			);
			buildRules = (
			);
			dependencies = (
			);
			name = realmTest;
			productName = realmTest;
			productReference = 860B7DAF299A6684006CCE5E /* realmTest.app */;
			productType = "com.apple.product-type.application";
		};
/* End PBXNativeTarget section */

/* Begin PBXProject section */
		860B7DA7299A6684006CCE5E /* Project object */ = {
			isa = PBXProject;
			attributes = {
				BuildIndependentTargetsInParallel = 1;
				LastSwiftUpdateCheck = 1410;
				LastUpgradeCheck = 1410;
				TargetAttributes = {
					860B7DAE299A6684006CCE5E = {
						CreatedOnToolsVersion = 14.1;
					};
				};
			};
			buildConfigurationList = 860B7DAA299A6684006CCE5E /* Build configuration list for PBXProject "realmTest" */;
			compatibilityVersion = "Xcode 14.0";
			developmentRegion = en;
			hasScannedForEncodings = 0;
			knownRegions = (
				en,
				Base,
			);
			mainGroup = 860B7DA6299A6684006CCE5E;
			productRefGroup = 860B7DB0299A6684006CCE5E /* Products */;
			projectDirPath = "";
			projectRoot = "";
			targets = (
				860B7DAE299A6684006CCE5E /* realmTest */,
			);
		};
/* End PBXProject section */

/* Begin PBXResourcesBuildPhase section */
		860B7DAD299A6684006CCE5E /* Resources */ = {
			isa = PBXResourcesBuildPhase;
			buildActionMask = 2147483647;
			files = (
				860B7DBF299A6687006CCE5E /* LaunchScreen.storyboard in Resources */,
				860B7DBC299A6687006CCE5E /* Assets.xcassets in Resources */,
				860B7DBA299A6684006CCE5E /* Main.storyboard in Resources */,
			);
			runOnlyForDeploymentPostprocessing = 0;
		};
/* End PBXResourcesBuildPhase section */

/* Begin PBXShellScriptBuildPhase section */
		8CEA8381622A1722F3349B57 /* [CP] Check Pods Manifest.lock */ = {
			isa = PBXShellScriptBuildPhase;
			buildActionMask = 2147483647;
			files = (
			);
			inputFileListPaths = (
			);
			inputPaths = (
				"${PODS_PODFILE_DIR_PATH}/Podfile.lock",
				"${PODS_ROOT}/Manifest.lock",
			);
			name = "[CP] Check Pods Manifest.lock";
			outputFileListPaths = (
			);
			outputPaths = (
				"$(DERIVED_FILE_DIR)/Pods-realmTest-checkManifestLockResult.txt",
			);
			runOnlyForDeploymentPostprocessing = 0;
			shellPath = /bin/sh;
			shellScript = "diff \"${PODS_PODFILE_DIR_PATH}/Podfile.lock\" \"${PODS_ROOT}/Manifest.lock\" > /dev/null\nif [ $? != 0 ] ; then\n    # print error to STDERR\n    echo \"error: The sandbox is not in sync with the Podfile.lock. Run 'pod install' or update your CocoaPods installation.\" >&2\n    exit 1\nfi\n# This output is used by Xcode 'outputs' to avoid re-running this script phase.\necho \"SUCCESS\" > \"${SCRIPT_OUTPUT_FILE_0}\"\n";
			showEnvVarsInLog = 0;
		};
		D336A803AC9403BBB77368FB /* [CP] Embed Pods Frameworks */ = {
			isa = PBXShellScriptBuildPhase;
			buildActionMask = 2147483647;
			files = (
			);
			inputFileListPaths = (
				"${PODS_ROOT}/Target Support Files/Pods-realmTest/Pods-realmTest-frameworks-${CONFIGURATION}-input-files.xcfilelist",
			);
			name = "[CP] Embed Pods Frameworks";
			outputFileListPaths = (
				"${PODS_ROOT}/Target Support Files/Pods-realmTest/Pods-realmTest-frameworks-${CONFIGURATION}-output-files.xcfilelist",
			);
			runOnlyForDeploymentPostprocessing = 0;
			shellPath = /bin/sh;
			shellScript = "\"${PODS_ROOT}/Target Support Files/Pods-realmTest/Pods-realmTest-frameworks.sh\"\n";
			showEnvVarsInLog = 0;
		};
/* End PBXShellScriptBuildPhase section */

/* Begin PBXSourcesBuildPhase section */
		860B7DAB299A6684006CCE5E /* Sources */ = {
			isa = PBXSourcesBuildPhase;
			buildActionMask = 2147483647;
			files = (
				86FD2474299F973F006C0D88 /* SwipeTableViewController.swift in Sources */,
				860B7DB7299A6684006CCE5E /* ViewController.swift in Sources */,
				860B7DB3299A6684006CCE5E /* AppDelegate.swift in Sources */,
				860B7DB5299A6684006CCE5E /* SceneDelegate.swift in Sources */,
				860B7DD0299A6B19006CCE5E /* CategoryViewController.swift in Sources */,
				861EE6A2299CE54400E7BCBE /* Item.swift in Sources */,
				86C78E56299A6D8A00F1962F /* ToDoListTableViewController.swift in Sources */,
				86FD2476299F9898006C0D88 /* Alerts.swift in Sources */,
				861EE6A4299CE55D00E7BCBE /* Category.swift in Sources */,
			);
			runOnlyForDeploymentPostprocessing = 0;
		};
/* End PBXSourcesBuildPhase section */

/* Begin PBXVariantGroup section */
		860B7DB8299A6684006CCE5E /* Main.storyboard */ = {
			isa = PBXVariantGroup;
			children = (
				860B7DB9299A6684006CCE5E /* Base */,
			);
			name = Main.storyboard;
			sourceTree = "<group>";
		};
		860B7DBD299A6687006CCE5E /* LaunchScreen.storyboard */ = {
			isa = PBXVariantGroup;
			children = (
				860B7DBE299A6687006CCE5E /* Base */,
			);
			name = LaunchScreen.storyboard;
			sourceTree = "<group>";
		};
/* End PBXVariantGroup section */

/* Begin XCBuildConfiguration section */
		860B7DC1299A6687006CCE5E /* Debug */ = {
			isa = XCBuildConfiguration;
			buildSettings = {
				ALWAYS_SEARCH_USER_PATHS = NO;
				CLANG_ANALYZER_NONNULL = YES;
				CLANG_ANALYZER_NUMBER_OBJECT_CONVERSION = YES_AGGRESSIVE;
				CLANG_CXX_LANGUAGE_STANDARD = "gnu++20";
				CLANG_ENABLE_MODULES = YES;
				CLANG_ENABLE_OBJC_ARC = YES;
				CLANG_ENABLE_OBJC_WEAK = YES;
				CLANG_WARN_BLOCK_CAPTURE_AUTORELEASING = YES;
				CLANG_WARN_BOOL_CONVERSION = YES;
				CLANG_WARN_COMMA = YES;
				CLANG_WARN_CONSTANT_CONVERSION = YES;
				CLANG_WARN_DEPRECATED_OBJC_IMPLEMENTATIONS = YES;
				CLANG_WARN_DIRECT_OBJC_ISA_USAGE = YES_ERROR;
				CLANG_WARN_DOCUMENTATION_COMMENTS = YES;
				CLANG_WARN_EMPTY_BODY = YES;
				CLANG_WARN_ENUM_CONVERSION = YES;
				CLANG_WARN_INFINITE_RECURSION = YES;
				CLANG_WARN_INT_CONVERSION = YES;
				CLANG_WARN_NON_LITERAL_NULL_CONVERSION = YES;
				CLANG_WARN_OBJC_IMPLICIT_RETAIN_SELF = YES;
				CLANG_WARN_OBJC_LITERAL_CONVERSION = YES;
				CLANG_WARN_OBJC_ROOT_CLASS = YES_ERROR;
				CLANG_WARN_QUOTED_INCLUDE_IN_FRAMEWORK_HEADER = YES;
				CLANG_WARN_RANGE_LOOP_ANALYSIS = YES;
				CLANG_WARN_STRICT_PROTOTYPES = YES;
				CLANG_WARN_SUSPICIOUS_MOVE = YES;
				CLANG_WARN_UNGUARDED_AVAILABILITY = YES_AGGRESSIVE;
				CLANG_WARN_UNREACHABLE_CODE = YES;
				CLANG_WARN__DUPLICATE_METHOD_MATCH = YES;
				COPY_PHASE_STRIP = NO;
				DEBUG_INFORMATION_FORMAT = dwarf;
				ENABLE_STRICT_OBJC_MSGSEND = YES;
				ENABLE_TESTABILITY = YES;
				GCC_C_LANGUAGE_STANDARD = gnu11;
				GCC_DYNAMIC_NO_PIC = NO;
				GCC_NO_COMMON_BLOCKS = YES;
				GCC_OPTIMIZATION_LEVEL = 0;
				GCC_PREPROCESSOR_DEFINITIONS = (
					"DEBUG=1",
					"$(inherited)",
				);
				GCC_WARN_64_TO_32_BIT_CONVERSION = YES;
				GCC_WARN_ABOUT_RETURN_TYPE = YES_ERROR;
				GCC_WARN_UNDECLARED_SELECTOR = YES;
				GCC_WARN_UNINITIALIZED_AUTOS = YES_AGGRESSIVE;
				GCC_WARN_UNUSED_FUNCTION = YES;
				GCC_WARN_UNUSED_VARIABLE = YES;
				IPHONEOS_DEPLOYMENT_TARGET = 16.1;
				MTL_ENABLE_DEBUG_INFO = INCLUDE_SOURCE;
				MTL_FAST_MATH = YES;
				ONLY_ACTIVE_ARCH = YES;
				SDKROOT = iphoneos;
				SWIFT_ACTIVE_COMPILATION_CONDITIONS = DEBUG;
				SWIFT_OPTIMIZATION_LEVEL = "-Onone";
			};
			name = Debug;
		};
		860B7DC2299A6687006CCE5E /* Release */ = {
			isa = XCBuildConfiguration;
			buildSettings = {
				ALWAYS_SEARCH_USER_PATHS = NO;
				CLANG_ANALYZER_NONNULL = YES;
				CLANG_ANALYZER_NUMBER_OBJECT_CONVERSION = YES_AGGRESSIVE;
				CLANG_CXX_LANGUAGE_STANDARD = "gnu++20";
				CLANG_ENABLE_MODULES = YES;
				CLANG_ENABLE_OBJC_ARC = YES;
				CLANG_ENABLE_OBJC_WEAK = YES;
				CLANG_WARN_BLOCK_CAPTURE_AUTORELEASING = YES;
				CLANG_WARN_BOOL_CONVERSION = YES;
				CLANG_WARN_COMMA = YES;
				CLANG_WARN_CONSTANT_CONVERSION = YES;
				CLANG_WARN_DEPRECATED_OBJC_IMPLEMENTATIONS = YES;
				CLANG_WARN_DIRECT_OBJC_ISA_USAGE = YES_ERROR;
				CLANG_WARN_DOCUMENTATION_COMMENTS = YES;
				CLANG_WARN_EMPTY_BODY = YES;
				CLANG_WARN_ENUM_CONVERSION = YES;
				CLANG_WARN_INFINITE_RECURSION = YES;
				CLANG_WARN_INT_CONVERSION = YES;
				CLANG_WARN_NON_LITERAL_NULL_CONVERSION = YES;
				CLANG_WARN_OBJC_IMPLICIT_RETAIN_SELF = YES;
				CLANG_WARN_OBJC_LITERAL_CONVERSION = YES;
				CLANG_WARN_OBJC_ROOT_CLASS = YES_ERROR;
				CLANG_WARN_QUOTED_INCLUDE_IN_FRAMEWORK_HEADER = YES;
				CLANG_WARN_RANGE_LOOP_ANALYSIS = YES;
				CLANG_WARN_STRICT_PROTOTYPES = YES;
				CLANG_WARN_SUSPICIOUS_MOVE = YES;
				CLANG_WARN_UNGUARDED_AVAILABILITY = YES_AGGRESSIVE;
				CLANG_WARN_UNREACHABLE_CODE = YES;
				CLANG_WARN__DUPLICATE_METHOD_MATCH = YES;
				COPY_PHASE_STRIP = NO;
				DEBUG_INFORMATION_FORMAT = "dwarf-with-dsym";
				ENABLE_NS_ASSERTIONS = NO;
				ENABLE_STRICT_OBJC_MSGSEND = YES;
				GCC_C_LANGUAGE_STANDARD = gnu11;
				GCC_NO_COMMON_BLOCKS = YES;
				GCC_WARN_64_TO_32_BIT_CONVERSION = YES;
				GCC_WARN_ABOUT_RETURN_TYPE = YES_ERROR;
				GCC_WARN_UNDECLARED_SELECTOR = YES;
				GCC_WARN_UNINITIALIZED_AUTOS = YES_AGGRESSIVE;
				GCC_WARN_UNUSED_FUNCTION = YES;
				GCC_WARN_UNUSED_VARIABLE = YES;
				IPHONEOS_DEPLOYMENT_TARGET = 16.1;
				MTL_ENABLE_DEBUG_INFO = NO;
				MTL_FAST_MATH = YES;
				SDKROOT = iphoneos;
				SWIFT_COMPILATION_MODE = wholemodule;
				SWIFT_OPTIMIZATION_LEVEL = "-O";
				VALIDATE_PRODUCT = YES;
			};
			name = Release;
		};
		860B7DC4299A6687006CCE5E /* Debug */ = {
			isa = XCBuildConfiguration;
			baseConfigurationReference = BE6D6D39EE4D0C50F15AAA4E /* Pods-realmTest.debug.xcconfig */;
			buildSettings = {
				ASSETCATALOG_COMPILER_APPICON_NAME = AppIcon;
				ASSETCATALOG_COMPILER_GLOBAL_ACCENT_COLOR_NAME = AccentColor;
				CODE_SIGN_STYLE = Automatic;
				CURRENT_PROJECT_VERSION = 1;
				DEVELOPMENT_TEAM = UWD3FW95SL;
				GENERATE_INFOPLIST_FILE = YES;
				INFOPLIST_FILE = realmTest/Info.plist;
				INFOPLIST_KEY_UIApplicationSupportsIndirectInputEvents = YES;
				INFOPLIST_KEY_UILaunchStoryboardName = LaunchScreen;
				INFOPLIST_KEY_UIMainStoryboardFile = Main;
				INFOPLIST_KEY_UISupportedInterfaceOrientations_iPad = "UIInterfaceOrientationPortrait UIInterfaceOrientationPortraitUpsideDown UIInterfaceOrientationLandscapeLeft UIInterfaceOrientationLandscapeRight";
				INFOPLIST_KEY_UISupportedInterfaceOrientations_iPhone = "UIInterfaceOrientationPortrait UIInterfaceOrientationLandscapeLeft UIInterfaceOrientationLandscapeRight";
				LD_RUNPATH_SEARCH_PATHS = (
					"$(inherited)",
					"@executable_path/Frameworks",
				);
				MARKETING_VERSION = 1.0;
				PRODUCT_BUNDLE_IDENTIFIER = com.markgo.realmTest;
				PRODUCT_NAME = "$(TARGET_NAME)";
				SWIFT_EMIT_LOC_STRINGS = YES;
				SWIFT_VERSION = 5.0;
				TARGETED_DEVICE_FAMILY = "1,2";
			};
			name = Debug;
		};
		860B7DC5299A6687006CCE5E /* Release */ = {
			isa = XCBuildConfiguration;
			baseConfigurationReference = D12DEA627D8E6312D65BC2D0 /* Pods-realmTest.release.xcconfig */;
			buildSettings = {
				ASSETCATALOG_COMPILER_APPICON_NAME = AppIcon;
				ASSETCATALOG_COMPILER_GLOBAL_ACCENT_COLOR_NAME = AccentColor;
				CODE_SIGN_STYLE = Automatic;
				CURRENT_PROJECT_VERSION = 1;
				DEVELOPMENT_TEAM = UWD3FW95SL;
				GENERATE_INFOPLIST_FILE = YES;
				INFOPLIST_FILE = realmTest/Info.plist;
				INFOPLIST_KEY_UIApplicationSupportsIndirectInputEvents = YES;
				INFOPLIST_KEY_UILaunchStoryboardName = LaunchScreen;
				INFOPLIST_KEY_UIMainStoryboardFile = Main;
				INFOPLIST_KEY_UISupportedInterfaceOrientations_iPad = "UIInterfaceOrientationPortrait UIInterfaceOrientationPortraitUpsideDown UIInterfaceOrientationLandscapeLeft UIInterfaceOrientationLandscapeRight";
				INFOPLIST_KEY_UISupportedInterfaceOrientations_iPhone = "UIInterfaceOrientationPortrait UIInterfaceOrientationLandscapeLeft UIInterfaceOrientationLandscapeRight";
				LD_RUNPATH_SEARCH_PATHS = (
					"$(inherited)",
					"@executable_path/Frameworks",
				);
				MARKETING_VERSION = 1.0;
				PRODUCT_BUNDLE_IDENTIFIER = com.markgo.realmTest;
				PRODUCT_NAME = "$(TARGET_NAME)";
				SWIFT_EMIT_LOC_STRINGS = YES;
				SWIFT_VERSION = 5.0;
				TARGETED_DEVICE_FAMILY = "1,2";
			};
			name = Release;
		};
/* End XCBuildConfiguration section */

/* Begin XCConfigurationList section */
		860B7DAA299A6684006CCE5E /* Build configuration list for PBXProject "realmTest" */ = {
			isa = XCConfigurationList;
			buildConfigurations = (
				860B7DC1299A6687006CCE5E /* Debug */,
				860B7DC2299A6687006CCE5E /* Release */,
			);
			defaultConfigurationIsVisible = 0;
			defaultConfigurationName = Release;
		};
		860B7DC3299A6687006CCE5E /* Build configuration list for PBXNativeTarget "realmTest" */ = {
			isa = XCConfigurationList;
			buildConfigurations = (
				860B7DC4299A6687006CCE5E /* Debug */,
				860B7DC5299A6687006CCE5E /* Release */,
			);
			defaultConfigurationIsVisible = 0;
			defaultConfigurationName = Release;
		};
/* End XCConfigurationList section */
	};
	rootObject = 860B7DA7299A6684006CCE5E /* Project object */;
}
